// !$*UTF8*$!
{
	archiveVersion = 1;
	classes = {
	};
	objectVersion = 50;
	objects = {

/* Begin PBXBuildFile section */
		FC6B4A74230401C800012541 /* AppDelegate.swift in Sources */ = {isa = PBXBuildFile; fileRef = FC6B4A73230401C800012541 /* AppDelegate.swift */; };
		FC6B4A76230401C800012541 /* SceneDelegate.swift in Sources */ = {isa = PBXBuildFile; fileRef = FC6B4A75230401C800012541 /* SceneDelegate.swift */; };
		FC6B4A78230401C800012541 /* ContentView.swift in Sources */ = {isa = PBXBuildFile; fileRef = FC6B4A77230401C800012541 /* ContentView.swift */; };
		FC6B4A7A230401CA00012541 /* Assets.xcassets in Resources */ = {isa = PBXBuildFile; fileRef = FC6B4A79230401CA00012541 /* Assets.xcassets */; };
		FC6B4A7D230401CA00012541 /* Preview Assets.xcassets in Resources */ = {isa = PBXBuildFile; fileRef = FC6B4A7C230401CA00012541 /* Preview Assets.xcassets */; };
		FC6B4A80230401CA00012541 /* LaunchScreen.storyboard in Resources */ = {isa = PBXBuildFile; fileRef = FC6B4A7E230401CA00012541 /* LaunchScreen.storyboard */; };
		FC6B4A882304021B00012541 /* FavoriteModel.swift in Sources */ = {isa = PBXBuildFile; fileRef = FC6B4A872304021B00012541 /* FavoriteModel.swift */; };
		FC6B4A8A2304077800012541 /* DetailsView.swift in Sources */ = {isa = PBXBuildFile; fileRef = FC6B4A892304077800012541 /* DetailsView.swift */; };
/* End PBXBuildFile section */

/* Begin PBXFileReference section */
		FC6B4A70230401C800012541 /* FavoriteBook.app */ = {isa = PBXFileReference; explicitFileType = wrapper.application; includeInIndex = 0; path = FavoriteBook.app; sourceTree = BUILT_PRODUCTS_DIR; };
		FC6B4A73230401C800012541 /* AppDelegate.swift */ = {isa = PBXFileReference; lastKnownFileType = sourcecode.swift; path = AppDelegate.swift; sourceTree = "<group>"; };
		FC6B4A75230401C800012541 /* SceneDelegate.swift */ = {isa = PBXFileReference; lastKnownFileType = sourcecode.swift; path = SceneDelegate.swift; sourceTree = "<group>"; };
		FC6B4A77230401C800012541 /* ContentView.swift */ = {isa = PBXFileReference; lastKnownFileType = sourcecode.swift; path = ContentView.swift; sourceTree = "<group>"; };
		FC6B4A79230401CA00012541 /* Assets.xcassets */ = {isa = PBXFileReference; lastKnownFileType = folder.assetcatalog; path = Assets.xcassets; sourceTree = "<group>"; };
		FC6B4A7C230401CA00012541 /* Preview Assets.xcassets */ = {isa = PBXFileReference; lastKnownFileType = folder.assetcatalog; path = "Preview Assets.xcassets"; sourceTree = "<group>"; };
		FC6B4A7F230401CA00012541 /* Base */ = {isa = PBXFileReference; lastKnownFileType = file.storyboard; name = Base; path = Base.lproj/LaunchScreen.storyboard; sourceTree = "<group>"; };
		FC6B4A81230401CA00012541 /* Info.plist */ = {isa = PBXFileReference; lastKnownFileType = text.plist.xml; path = Info.plist; sourceTree = "<group>"; };
		FC6B4A872304021B00012541 /* FavoriteModel.swift */ = {isa = PBXFileReference; lastKnownFileType = sourcecode.swift; path = FavoriteModel.swift; sourceTree = "<group>"; };
		FC6B4A892304077800012541 /* DetailsView.swift */ = {isa = PBXFileReference; lastKnownFileType = sourcecode.swift; path = DetailsView.swift; sourceTree = "<group>"; };
/* End PBXFileReference section */

/* Begin PBXFrameworksBuildPhase section */
		FC6B4A6D230401C800012541 /* Frameworks */ = {
			isa = PBXFrameworksBuildPhase;
			buildActionMask = 2147483647;
			files = (
			);
			runOnlyForDeploymentPostprocessing = 0;
		};
/* End PBXFrameworksBuildPhase section */

/* Begin PBXGroup section */
		FC6B4A67230401C800012541 = {
			isa = PBXGroup;
			children = (
				FC6B4A72230401C800012541 /* FavoriteBook */,
				FC6B4A71230401C800012541 /* Products */,
			);
			sourceTree = "<group>";
		};
		FC6B4A71230401C800012541 /* Products */ = {
			isa = PBXGroup;
			children = (
				FC6B4A70230401C800012541 /* FavoriteBook.app */,
			);
			name = Products;
			sourceTree = "<group>";
		};
		FC6B4A72230401C800012541 /* FavoriteBook */ = {
			isa = PBXGroup;
			children = (
				FC6B4A73230401C800012541 /* AppDelegate.swift */,
				FC6B4A75230401C800012541 /* SceneDelegate.swift */,
				FC6B4A77230401C800012541 /* ContentView.swift */,
				FC6B4A872304021B00012541 /* FavoriteModel.swift */,
				FC6B4A892304077800012541 /* DetailsView.swift */,
				FC6B4A79230401CA00012541 /* Assets.xcassets */,
				FC6B4A7E230401CA00012541 /* LaunchScreen.storyboard */,
				FC6B4A81230401CA00012541 /* Info.plist */,
				FC6B4A7B230401CA00012541 /* Preview Content */,
			);
			path = FavoriteBook;
			sourceTree = "<group>";
		};
		FC6B4A7B230401CA00012541 /* Preview Content */ = {
			isa = PBXGroup;
			children = (
				FC6B4A7C230401CA00012541 /* Preview Assets.xcassets */,
			);
			path = "Preview Content";
			sourceTree = "<group>";
		};
/* End PBXGroup section */

/* Begin PBXNativeTarget section */
		FC6B4A6F230401C800012541 /* FavoriteBook */ = {
			isa = PBXNativeTarget;
			buildConfigurationList = FC6B4A84230401CA00012541 /* Build configuration list for PBXNativeTarget "FavoriteBook" */;
			buildPhases = (
				FC6B4A6C230401C800012541 /* Sources */,
				FC6B4A6D230401C800012541 /* Frameworks */,
				FC6B4A6E230401C800012541 /* Resources */,
			);
			buildRules = (
			);
			dependencies = (
			);
			name = FavoriteBook;
			productName = FavoriteBook;
			productReference = FC6B4A70230401C800012541 /* FavoriteBook.app */;
			productType = "com.apple.product-type.application";
		};
/* End PBXNativeTarget section */

/* Begin PBXProject section */
		FC6B4A68230401C800012541 /* Project object */ = {
			isa = PBXProject;
			attributes = {
				LastSwiftUpdateCheck = 1100;
				LastUpgradeCheck = 1100;
				ORGANIZATIONNAME = "Atil Samancioglu";
				TargetAttributes = {
					FC6B4A6F230401C800012541 = {
						CreatedOnToolsVersion = 11.0;
					};
				};
			};
			buildConfigurationList = FC6B4A6B230401C800012541 /* Build configuration list for PBXProject "FavoriteBook" */;
			compatibilityVersion = "Xcode 9.3";
			developmentRegion = en;
			hasScannedForEncodings = 0;
			knownRegions = (
				en,
				Base,
			);
			mainGroup = FC6B4A67230401C800012541;
			productRefGroup = FC6B4A71230401C800012541 /* Products */;
			projectDirPath = "";
			projectRoot = "";
			targets = (
				FC6B4A6F230401C800012541 /* FavoriteBook */,
			);
		};
/* End PBXProject section */

/* Begin PBXResourcesBuildPhase section */
		FC6B4A6E230401C800012541 /* Resources */ = {
			isa = PBXResourcesBuildPhase;
			buildActionMask = 2147483647;
			files = (
				FC6B4A80230401CA00012541 /* LaunchScreen.storyboard in Resources */,
				FC6B4A7D230401CA00012541 /* Preview Assets.xcassets in Resources */,
				FC6B4A7A230401CA00012541 /* Assets.xcassets in Resources */,
			);
			runOnlyForDeploymentPostprocessing = 0;
		};
/* End PBXResourcesBuildPhase section */

/* Begin PBXSourcesBuildPhase section */
		FC6B4A6C230401C800012541 /* Sources */ = {
			isa = PBXSourcesBuildPhase;
			buildActionMask = 2147483647;
			files = (
				FC6B4A74230401C800012541 /* AppDelegate.swift in Sources */,
				FC6B4A8A2304077800012541 /* DetailsView.swift in Sources */,
				FC6B4A76230401C800012541 /* SceneDelegate.swift in Sources */,
				FC6B4A78230401C800012541 /* ContentView.swift in Sources */,
				FC6B4A882304021B00012541 /* FavoriteModel.swift in Sources */,
			);
			runOnlyForDeploymentPostprocessing = 0;
		};
/* End PBXSourcesBuildPhase section */

/* Begin PBXVariantGroup section */
		FC6B4A7E230401CA00012541 /* LaunchScreen.storyboard */ = {
			isa = PBXVariantGroup;
			children = (
				FC6B4A7F230401CA00012541 /* Base */,
			);
			name = LaunchScreen.storyboard;
			sourceTree = "<group>";
		};
/* End PBXVariantGroup section */

/* Begin XCBuildConfiguration section */
		FC6B4A82230401CA00012541 /* Debug */ = {
			isa = XCBuildConfiguration;
			buildSettings = {
				ALWAYS_SEARCH_USER_PATHS = NO;
				CLANG_ANALYZER_NONNULL = YES;
				CLANG_ANALYZER_NUMBER_OBJECT_CONVERSION = YES_AGGRESSIVE;
				CLANG_CXX_LANGUAGE_STANDARD = "gnu++14";
				CLANG_CXX_LIBRARY = "libc++";
				CLANG_ENABLE_MODULES = YES;
				CLANG_ENABLE_OBJC_ARC = YES;
				CLANG_ENABLE_OBJC_WEAK = YES;
				CLANG_WARN_BLOCK_CAPTURE_AUTORELEASING = YES;
				CLANG_WARN_BOOL_CONVERSION = YES;
				CLANG_WARN_COMMA = YES;
				CLANG_WARN_CONSTANT_CONVERSION = YES;
				CLANG_WARN_DEPRECATED_OBJC_IMPLEMENTATIONS = YES;
				CLANG_WARN_DIRECT_OBJC_ISA_USAGE = YES_ERROR;
				CLANG_WARN_DOCUMENTATION_COMMENTS = YES;
				CLANG_WARN_EMPTY_BODY = YES;
				CLANG_WARN_ENUM_CONVERSION = YES;
				CLANG_WARN_INFINITE_RECURSION = YES;
				CLANG_WARN_INT_CONVERSION = YES;
				CLANG_WARN_NON_LITERAL_NULL_CONVERSION = YES;
				CLANG_WARN_OBJC_IMPLICIT_RETAIN_SELF = YES;
				CLANG_WARN_OBJC_LITERAL_CONVERSION = YES;
				CLANG_WARN_OBJC_ROOT_CLASS = YES_ERROR;
				CLANG_WARN_RANGE_LOOP_ANALYSIS = YES;
				CLANG_WARN_STRICT_PROTOTYPES = YES;
				CLANG_WARN_SUSPICIOUS_MOVE = YES;
				CLANG_WARN_UNGUARDED_AVAILABILITY = YES_AGGRESSIVE;
				CLANG_WARN_UNREACHABLE_CODE = YES;
				CLANG_WARN__DUPLICATE_METHOD_MATCH = YES;
				COPY_PHASE_STRIP = NO;
				DEBUG_INFORMATION_FORMAT = dwarf;
				ENABLE_STRICT_OBJC_MSGSEND = YES;
				ENABLE_TESTABILITY = YES;
				GCC_C_LANGUAGE_STANDARD = gnu11;
				GCC_DYNAMIC_NO_PIC = NO;
				GCC_NO_COMMON_BLOCKS = YES;
				GCC_OPTIMIZATION_LEVEL = 0;
				GCC_PREPROCESSOR_DEFINITIONS = (
					"DEBUG=1",
					"$(inherited)",
				);
				GCC_WARN_64_TO_32_BIT_CONVERSION = YES;
				GCC_WARN_ABOUT_RETURN_TYPE = YES_ERROR;
				GCC_WARN_UNDECLARED_SELECTOR = YES;
				GCC_WARN_UNINITIALIZED_AUTOS = YES_AGGRESSIVE;
				GCC_WARN_UNUSED_FUNCTION = YES;
				GCC_WARN_UNUSED_VARIABLE = YES;
				IPHONEOS_DEPLOYMENT_TARGET = 13.0;
				MTL_ENABLE_DEBUG_INFO = INCLUDE_SOURCE;
				MTL_FAST_MATH = YES;
				ONLY_ACTIVE_ARCH = YES;
				SDKROOT = iphoneos;
				SWIFT_ACTIVE_COMPILATION_CONDITIONS = DEBUG;
				SWIFT_OPTIMIZATION_LEVEL = "-Onone";
			};
			name = Debug;
		};
		FC6B4A83230401CA00012541 /* Release */ = {
			isa = XCBuildConfiguration;
			buildSettings = {
				ALWAYS_SEARCH_USER_PATHS = NO;
				CLANG_ANALYZER_NONNULL = YES;
				CLANG_ANALYZER_NUMBER_OBJECT_CONVERSION = YES_AGGRESSIVE;
				CLANG_CXX_LANGUAGE_STANDARD = "gnu++14";
				CLANG_CXX_LIBRARY = "libc++";
				CLANG_ENABLE_MODULES = YES;
				CLANG_ENABLE_OBJC_ARC = YES;
				CLANG_ENABLE_OBJC_WEAK = YES;
				CLANG_WARN_BLOCK_CAPTURE_AUTORELEASING = YES;
				CLANG_WARN_BOOL_CONVERSION = YES;
				CLANG_WARN_COMMA = YES;
				CLANG_WARN_CONSTANT_CONVERSION = YES;
				CLANG_WARN_DEPRECATED_OBJC_IMPLEMENTATIONS = YES;
				CLANG_WARN_DIRECT_OBJC_ISA_USAGE = YES_ERROR;
				CLANG_WARN_DOCUMENTATION_COMMENTS = YES;
				CLANG_WARN_EMPTY_BODY = YES;
				CLANG_WARN_ENUM_CONVERSION = YES;
				CLANG_WARN_INFINITE_RECURSION = YES;
				CLANG_WARN_INT_CONVERSION = YES;
				CLANG_WARN_NON_LITERAL_NULL_CONVERSION = YES;
				CLANG_WARN_OBJC_IMPLICIT_RETAIN_SELF = YES;
				CLANG_WARN_OBJC_LITERAL_CONVERSION = YES;
				CLANG_WARN_OBJC_ROOT_CLASS = YES_ERROR;
				CLANG_WARN_RANGE_LOOP_ANALYSIS = YES;
				CLANG_WARN_STRICT_PROTOTYPES = YES;
				CLANG_WARN_SUSPICIOUS_MOVE = YES;
				CLANG_WARN_UNGUARDED_AVAILABILITY = YES_AGGRESSIVE;
				CLANG_WARN_UNREACHABLE_CODE = YES;
				CLANG_WARN__DUPLICATE_METHOD_MATCH = YES;
				COPY_PHASE_STRIP = NO;
				DEBUG_INFORMATION_FORMAT = "dwarf-with-dsym";
				ENABLE_NS_ASSERTIONS = NO;
				ENABLE_STRICT_OBJC_MSGSEND = YES;
				GCC_C_LANGUAGE_STANDARD = gnu11;
				GCC_NO_COMMON_BLOCKS = YES;
				GCC_WARN_64_TO_32_BIT_CONVERSION = YES;
				GCC_WARN_ABOUT_RETURN_TYPE = YES_ERROR;
				GCC_WARN_UNDECLARED_SELECTOR = YES;
				GCC_WARN_UNINITIALIZED_AUTOS = YES_AGGRESSIVE;
				GCC_WARN_UNUSED_FUNCTION = YES;
				GCC_WARN_UNUSED_VARIABLE = YES;
				IPHONEOS_DEPLOYMENT_TARGET = 13.0;
				MTL_ENABLE_DEBUG_INFO = NO;
				MTL_FAST_MATH = YES;
				SDKROOT = iphoneos;
				SWIFT_COMPILATION_MODE = wholemodule;
				SWIFT_OPTIMIZATION_LEVEL = "-O";
				VALIDATE_PRODUCT = YES;
			};
			name = Release;
		};
		FC6B4A85230401CA00012541 /* Debug */ = {
			isa = XCBuildConfiguration;
			buildSettings = {
				ASSETCATALOG_COMPILER_APPICON_NAME = AppIcon;
				CODE_SIGN_STYLE = Automatic;
				DEVELOPMENT_ASSET_PATHS = "FavoriteBook/Preview\\ Content";
				DEVELOPMENT_TEAM = 7SH627DBA4;
				ENABLE_PREVIEWS = YES;
				INFOPLIST_FILE = FavoriteBook/Info.plist;
				LD_RUNPATH_SEARCH_PATHS = (
					"$(inherited)",
					"@executable_path/Frameworks",
				);
				PRODUCT_BUNDLE_IDENTIFIER = com.atilsamancioglu.FavoriteBook;
				PRODUCT_NAME = "$(TARGET_NAME)";
				SWIFT_VERSION = 5.0;
				TARGETED_DEVICE_FAMILY = "1,2";
			};
			name = Debug;
		};
		FC6B4A86230401CA00012541 /* Release */ = {
			isa = XCBuildConfiguration;
			buildSettings = {
				ASSETCATALOG_COMPILER_APPICON_NAME = AppIcon;
				CODE_SIGN_STYLE = Automatic;
				DEVELOPMENT_ASSET_PATHS = "FavoriteBook/Preview\\ Content";
				DEVELOPMENT_TEAM = 7SH627DBA4;
				ENABLE_PREVIEWS = YES;
				INFOPLIST_FILE = FavoriteBook/Info.plist;
				LD_RUNPATH_SEARCH_PATHS = (
					"$(inherited)",
					"@executable_path/Frameworks",
				);
				PRODUCT_BUNDLE_IDENTIFIER = com.atilsamancioglu.FavoriteBook;
				PRODUCT_NAME = "$(TARGET_NAME)";
				SWIFT_VERSION = 5.0;
				TARGETED_DEVICE_FAMILY = "1,2";
			};
			name = Release;
		};
/* End XCBuildConfiguration section */

/* Begin XCConfigurationList section */
		FC6B4A6B230401C800012541 /* Build configuration list for PBXProject "FavoriteBook" */ = {
			isa = XCConfigurationList;
			buildConfigurations = (
				FC6B4A82230401CA00012541 /* Debug */,
				FC6B4A83230401CA00012541 /* Release */,
			);
			defaultConfigurationIsVisible = 0;
			defaultConfigurationName = Release;
		};
		FC6B4A84230401CA00012541 /* Build configuration list for PBXNativeTarget "FavoriteBook" */ = {
			isa = XCConfigurationList;
			buildConfigurations = (
				FC6B4A85230401CA00012541 /* Debug */,
				FC6B4A86230401CA00012541 /* Release */,
			);
			defaultConfigurationIsVisible = 0;
			defaultConfigurationName = Release;
		};
/* End XCConfigurationList section */
	};
	rootObject = FC6B4A68230401C800012541 /* Project object */;
}
